
Microsoft Visual Studio Solution File, Format Version 12.00
# Visual Studio Version 17
VisualStudioVersion = 17.6.33723.286
MinimumVisualStudioVersion = 10.0.40219.1
Project("{FAE04EC0-301F-11D3-BF4B-00C04F79EFBC}") = "PRG282Tester1", "PRG282Tester1.csproj", "{67BCE4A2-003B-4380-81B6-153B48A08483}"
EndProject
Global
	GlobalSection(SolutionConfigurationPlatforms) = preSolution
		Debug|Any CPU = Debug|Any CPU
		Release|Any CPU = Release|Any CPU
	EndGlobalSection
	GlobalSection(ProjectConfigurationPlatforms) = postSolution
		{67BCE4A2-003B-4380-81B6-153B48A08483}.Debug|Any CPU.ActiveCfg = Debug|Any CPU
		{67BCE4A2-003B-4380-81B6-153B48A08483}.Debug|Any CPU.Build.0 = Debug|Any CPU
		{67BCE4A2-003B-4380-81B6-153B48A08483}.Release|Any CPU.ActiveCfg = Release|Any CPU
		{67BCE4A2-003B-4380-81B6-153B48A08483}.Release|Any CPU.Build.0 = Release|Any CPU
	EndGlobalSection
	GlobalSection(SolutionProperties) = preSolution
		HideSolutionNode = FALSE
	EndGlobalSection
	GlobalSection(ExtensibilityGlobals) = postSolution
		SolutionGuid = {C3C3D8D6-4841-4816-82C5-D38B4B89C9F8}
	EndGlobalSection
EndGlobal
